
Microsoft Visual Studio Solution File, Format Version 12.00
Project("{2150E333-8FDC-42A3-9474-1A3956D46DE8}") = "src", "src", "{430DD556-7778-4DC0-A56D-998BE53FD913}"
EndProject
Project("{FAE04EC0-301F-11D3-BF4B-00C04F79EFBC}") = "Pooling", "Pooling\Pooling.csproj", "{2764F49B-754C-4079-96F4-961A7E937320}"
EndProject
Project("{FAE04EC0-301F-11D3-BF4B-00C04F79EFBC}") = "Borrow", "Borrow\Borrow.csproj", "{B26716D9-9E3B-42EA-A741-3192F0CC504A}"
EndProject
Project("{FAE04EC0-301F-11D3-BF4B-00C04F79EFBC}") = "Pooling.Object", "Pooling.Object\Pooling.Object.csproj", "{3F7563AF-941C-4C38-9D4B-93C769DA1E0A}"
EndProject
Project("{2150E333-8FDC-42A3-9474-1A3956D46DE8}") = "tests", "tests", "{4AC73438-ECD0-492E-9F7C-997F502196B6}"
EndProject
Project("{FAE04EC0-301F-11D3-BF4B-00C04F79EFBC}") = "Pooling.Object.UnitTests", "Pooling.Object.UnitTests\Pooling.Object.UnitTests.csproj", "{3C75F8C8-1A60-4E16-AA57-E6BD75C8E48B}"
EndProject
Global
	GlobalSection(SolutionConfigurationPlatforms) = preSolution
		Debug|Any CPU = Debug|Any CPU
		Release|Any CPU = Release|Any CPU
	EndGlobalSection
	GlobalSection(NestedProjects) = preSolution
		{2764F49B-754C-4079-96F4-961A7E937320} = {430DD556-7778-4DC0-A56D-998BE53FD913}
		{B26716D9-9E3B-42EA-A741-3192F0CC504A} = {430DD556-7778-4DC0-A56D-998BE53FD913}
		{3F7563AF-941C-4C38-9D4B-93C769DA1E0A} = {430DD556-7778-4DC0-A56D-998BE53FD913}
		{3C75F8C8-1A60-4E16-AA57-E6BD75C8E48B} = {4AC73438-ECD0-492E-9F7C-997F502196B6}
	EndGlobalSection
	GlobalSection(ProjectConfigurationPlatforms) = postSolution
		{2764F49B-754C-4079-96F4-961A7E937320}.Debug|Any CPU.ActiveCfg = Debug|Any CPU
		{2764F49B-754C-4079-96F4-961A7E937320}.Debug|Any CPU.Build.0 = Debug|Any CPU
		{2764F49B-754C-4079-96F4-961A7E937320}.Release|Any CPU.ActiveCfg = Release|Any CPU
		{2764F49B-754C-4079-96F4-961A7E937320}.Release|Any CPU.Build.0 = Release|Any CPU
		{B26716D9-9E3B-42EA-A741-3192F0CC504A}.Debug|Any CPU.ActiveCfg = Debug|Any CPU
		{B26716D9-9E3B-42EA-A741-3192F0CC504A}.Debug|Any CPU.Build.0 = Debug|Any CPU
		{B26716D9-9E3B-42EA-A741-3192F0CC504A}.Release|Any CPU.ActiveCfg = Release|Any CPU
		{B26716D9-9E3B-42EA-A741-3192F0CC504A}.Release|Any CPU.Build.0 = Release|Any CPU
		{3F7563AF-941C-4C38-9D4B-93C769DA1E0A}.Debug|Any CPU.ActiveCfg = Debug|Any CPU
		{3F7563AF-941C-4C38-9D4B-93C769DA1E0A}.Debug|Any CPU.Build.0 = Debug|Any CPU
		{3F7563AF-941C-4C38-9D4B-93C769DA1E0A}.Release|Any CPU.ActiveCfg = Release|Any CPU
		{3F7563AF-941C-4C38-9D4B-93C769DA1E0A}.Release|Any CPU.Build.0 = Release|Any CPU
		{3C75F8C8-1A60-4E16-AA57-E6BD75C8E48B}.Debug|Any CPU.ActiveCfg = Debug|Any CPU
		{3C75F8C8-1A60-4E16-AA57-E6BD75C8E48B}.Debug|Any CPU.Build.0 = Debug|Any CPU
		{3C75F8C8-1A60-4E16-AA57-E6BD75C8E48B}.Release|Any CPU.ActiveCfg = Release|Any CPU
		{3C75F8C8-1A60-4E16-AA57-E6BD75C8E48B}.Release|Any CPU.Build.0 = Release|Any CPU
	EndGlobalSection
EndGlobal
